// !$*UTF8*$!
{
	archiveVersion = 1;
	classes = {
	};
	objectVersion = 46;
	objects = {

/* Begin PBXBuildFile section */
		A8A3887A1E71BA0D00396BAE /* AppDelegate.swift in Sources */ = {isa = PBXBuildFile; fileRef = A8A388791E71BA0D00396BAE /* AppDelegate.swift */; };
		A8A3887C1E71BA0D00396BAE /* ViewController.swift in Sources */ = {isa = PBXBuildFile; fileRef = A8A3887B1E71BA0D00396BAE /* ViewController.swift */; };
		A8A3887F1E71BA0D00396BAE /* Main.storyboard in Resources */ = {isa = PBXBuildFile; fileRef = A8A3887D1E71BA0D00396BAE /* Main.storyboard */; };
		A8A388811E71BA0D00396BAE /* Assets.xcassets in Resources */ = {isa = PBXBuildFile; fileRef = A8A388801E71BA0D00396BAE /* Assets.xcassets */; };
		A8A388841E71BA0D00396BAE /* LaunchScreen.storyboard in Resources */ = {isa = PBXBuildFile; fileRef = A8A388821E71BA0D00396BAE /* LaunchScreen.storyboard */; };
		A8A3888F1E71BA0D00396BAE /* TipCalculatorTests.swift in Sources */ = {isa = PBXBuildFile; fileRef = A8A3888E1E71BA0D00396BAE /* TipCalculatorTests.swift */; };
		A8A3889A1E71BA0D00396BAE /* TipCalculatorUITests.swift in Sources */ = {isa = PBXBuildFile; fileRef = A8A388991E71BA0D00396BAE /* TipCalculatorUITests.swift */; };
/* End PBXBuildFile section */

/* Begin PBXContainerItemProxy section */
		A8A3888B1E71BA0D00396BAE /* PBXContainerItemProxy */ = {
			isa = PBXContainerItemProxy;
			containerPortal = A8A3886E1E71BA0D00396BAE /* Project object */;
			proxyType = 1;
			remoteGlobalIDString = A8A388751E71BA0D00396BAE;
			remoteInfo = TipCalculator;
		};
		A8A388961E71BA0D00396BAE /* PBXContainerItemProxy */ = {
			isa = PBXContainerItemProxy;
			containerPortal = A8A3886E1E71BA0D00396BAE /* Project object */;
			proxyType = 1;
			remoteGlobalIDString = A8A388751E71BA0D00396BAE;
			remoteInfo = TipCalculator;
		};
/* End PBXContainerItemProxy section */

/* Begin PBXFileReference section */
		A8A388761E71BA0D00396BAE /* TipCalculator.app */ = {isa = PBXFileReference; explicitFileType = wrapper.application; includeInIndex = 0; path = TipCalculator.app; sourceTree = BUILT_PRODUCTS_DIR; };
		A8A388791E71BA0D00396BAE /* AppDelegate.swift */ = {isa = PBXFileReference; lastKnownFileType = sourcecode.swift; path = AppDelegate.swift; sourceTree = "<group>"; };
		A8A3887B1E71BA0D00396BAE /* ViewController.swift */ = {isa = PBXFileReference; lastKnownFileType = sourcecode.swift; path = ViewController.swift; sourceTree = "<group>"; };
		A8A3887E1E71BA0D00396BAE /* Base */ = {isa = PBXFileReference; lastKnownFileType = file.storyboard; name = Base; path = Base.lproj/Main.storyboard; sourceTree = "<group>"; };
		A8A388801E71BA0D00396BAE /* Assets.xcassets */ = {isa = PBXFileReference; lastKnownFileType = folder.assetcatalog; path = Assets.xcassets; sourceTree = "<group>"; };
		A8A388831E71BA0D00396BAE /* Base */ = {isa = PBXFileReference; lastKnownFileType = file.storyboard; name = Base; path = Base.lproj/LaunchScreen.storyboard; sourceTree = "<group>"; };
		A8A388851E71BA0D00396BAE /* Info.plist */ = {isa = PBXFileReference; lastKnownFileType = text.plist.xml; path = Info.plist; sourceTree = "<group>"; };
		A8A3888A1E71BA0D00396BAE /* TipCalculatorTests.xctest */ = {isa = PBXFileReference; explicitFileType = wrapper.cfbundle; includeInIndex = 0; path = TipCalculatorTests.xctest; sourceTree = BUILT_PRODUCTS_DIR; };
		A8A3888E1E71BA0D00396BAE /* TipCalculatorTests.swift */ = {isa = PBXFileReference; lastKnownFileType = sourcecode.swift; path = TipCalculatorTests.swift; sourceTree = "<group>"; };
		A8A388901E71BA0D00396BAE /* Info.plist */ = {isa = PBXFileReference; lastKnownFileType = text.plist.xml; path = Info.plist; sourceTree = "<group>"; };
		A8A388951E71BA0D00396BAE /* TipCalculatorUITests.xctest */ = {isa = PBXFileReference; explicitFileType = wrapper.cfbundle; includeInIndex = 0; path = TipCalculatorUITests.xctest; sourceTree = BUILT_PRODUCTS_DIR; };
		A8A388991E71BA0D00396BAE /* TipCalculatorUITests.swift */ = {isa = PBXFileReference; lastKnownFileType = sourcecode.swift; path = TipCalculatorUITests.swift; sourceTree = "<group>"; };
		A8A3889B1E71BA0D00396BAE /* Info.plist */ = {isa = PBXFileReference; lastKnownFileType = text.plist.xml; path = Info.plist; sourceTree = "<group>"; };
/* End PBXFileReference section */

/* Begin PBXFrameworksBuildPhase section */
		A8A388731E71BA0D00396BAE /* Frameworks */ = {
			isa = PBXFrameworksBuildPhase;
			buildActionMask = 2147483647;
			files = (
			);
			runOnlyForDeploymentPostprocessing = 0;
		};
		A8A388871E71BA0D00396BAE /* Frameworks */ = {
			isa = PBXFrameworksBuildPhase;
			buildActionMask = 2147483647;
			files = (
			);
			runOnlyForDeploymentPostprocessing = 0;
		};
		A8A388921E71BA0D00396BAE /* Frameworks */ = {
			isa = PBXFrameworksBuildPhase;
			buildActionMask = 2147483647;
			files = (
			);
			runOnlyForDeploymentPostprocessing = 0;
		};
/* End PBXFrameworksBuildPhase section */

/* Begin PBXGroup section */
		A8A3886D1E71BA0D00396BAE = {
			isa = PBXGroup;
			children = (
				A8A388781E71BA0D00396BAE /* TipCalculator */,
				A8A3888D1E71BA0D00396BAE /* TipCalculatorTests */,
				A8A388981E71BA0D00396BAE /* TipCalculatorUITests */,
				A8A388771E71BA0D00396BAE /* Products */,
			);
			sourceTree = "<group>";
		};
		A8A388771E71BA0D00396BAE /* Products */ = {
			isa = PBXGroup;
			children = (
				A8A388761E71BA0D00396BAE /* TipCalculator.app */,
				A8A3888A1E71BA0D00396BAE /* TipCalculatorTests.xctest */,
				A8A388951E71BA0D00396BAE /* TipCalculatorUITests.xctest */,
			);
			name = Products;
			sourceTree = "<group>";
		};
		A8A388781E71BA0D00396BAE /* TipCalculator */ = {
			isa = PBXGroup;
			children = (
				A8A388791E71BA0D00396BAE /* AppDelegate.swift */,
				A8A3887B1E71BA0D00396BAE /* ViewController.swift */,
				A8A3887D1E71BA0D00396BAE /* Main.storyboard */,
				A8A388801E71BA0D00396BAE /* Assets.xcassets */,
				A8A388821E71BA0D00396BAE /* LaunchScreen.storyboard */,
				A8A388851E71BA0D00396BAE /* Info.plist */,
			);
			path = TipCalculator;
			sourceTree = "<group>";
		};
		A8A3888D1E71BA0D00396BAE /* TipCalculatorTests */ = {
			isa = PBXGroup;
			children = (
				A8A3888E1E71BA0D00396BAE /* TipCalculatorTests.swift */,
				A8A388901E71BA0D00396BAE /* Info.plist */,
			);
			path = TipCalculatorTests;
			sourceTree = "<group>";
		};
		A8A388981E71BA0D00396BAE /* TipCalculatorUITests */ = {
			isa = PBXGroup;
			children = (
				A8A388991E71BA0D00396BAE /* TipCalculatorUITests.swift */,
				A8A3889B1E71BA0D00396BAE /* Info.plist */,
			);
			path = TipCalculatorUITests;
			sourceTree = "<group>";
		};
/* End PBXGroup section */

/* Begin PBXNativeTarget section */
		A8A388751E71BA0D00396BAE /* TipCalculator */ = {
			isa = PBXNativeTarget;
			buildConfigurationList = A8A3889E1E71BA0D00396BAE /* Build configuration list for PBXNativeTarget "TipCalculator" */;
			buildPhases = (
				A8A388721E71BA0D00396BAE /* Sources */,
				A8A388731E71BA0D00396BAE /* Frameworks */,
				A8A388741E71BA0D00396BAE /* Resources */,
			);
			buildRules = (
			);
			dependencies = (
			);
			name = TipCalculator;
			productName = TipCalculator;
			productReference = A8A388761E71BA0D00396BAE /* TipCalculator.app */;
			productType = "com.apple.product-type.application";
		};
		A8A388891E71BA0D00396BAE /* TipCalculatorTests */ = {
			isa = PBXNativeTarget;
			buildConfigurationList = A8A388A11E71BA0D00396BAE /* Build configuration list for PBXNativeTarget "TipCalculatorTests" */;
			buildPhases = (
				A8A388861E71BA0D00396BAE /* Sources */,
				A8A388871E71BA0D00396BAE /* Frameworks */,
				A8A388881E71BA0D00396BAE /* Resources */,
			);
			buildRules = (
			);
			dependencies = (
				A8A3888C1E71BA0D00396BAE /* PBXTargetDependency */,
			);
			name = TipCalculatorTests;
			productName = TipCalculatorTests;
			productReference = A8A3888A1E71BA0D00396BAE /* TipCalculatorTests.xctest */;
			productType = "com.apple.product-type.bundle.unit-test";
		};
		A8A388941E71BA0D00396BAE /* TipCalculatorUITests */ = {
			isa = PBXNativeTarget;
			buildConfigurationList = A8A388A41E71BA0D00396BAE /* Build configuration list for PBXNativeTarget "TipCalculatorUITests" */;
			buildPhases = (
				A8A388911E71BA0D00396BAE /* Sources */,
				A8A388921E71BA0D00396BAE /* Frameworks */,
				A8A388931E71BA0D00396BAE /* Resources */,
			);
			buildRules = (
			);
			dependencies = (
				A8A388971E71BA0D00396BAE /* PBXTargetDependency */,
			);
			name = TipCalculatorUITests;
			productName = TipCalculatorUITests;
			productReference = A8A388951E71BA0D00396BAE /* TipCalculatorUITests.xctest */;
			productType = "com.apple.product-type.bundle.ui-testing";
		};
/* End PBXNativeTarget section */

/* Begin PBXProject section */
		A8A3886E1E71BA0D00396BAE /* Project object */ = {
			isa = PBXProject;
			attributes = {
				LastSwiftUpdateCheck = 0830;
				LastUpgradeCheck = 0830;
				ORGANIZATIONNAME = "Kuei-Tin Hsu";
				TargetAttributes = {
					A8A388751E71BA0D00396BAE = {
						CreatedOnToolsVersion = 8.3;
						ProvisioningStyle = Automatic;
					};
					A8A388891E71BA0D00396BAE = {
						CreatedOnToolsVersion = 8.3;
						ProvisioningStyle = Automatic;
						TestTargetID = A8A388751E71BA0D00396BAE;
					};
					A8A388941E71BA0D00396BAE = {
						CreatedOnToolsVersion = 8.3;
						ProvisioningStyle = Automatic;
						TestTargetID = A8A388751E71BA0D00396BAE;
					};
				};
			};
			buildConfigurationList = A8A388711E71BA0D00396BAE /* Build configuration list for PBXProject "TipCalculator" */;
			compatibilityVersion = "Xcode 3.2";
			developmentRegion = English;
			hasScannedForEncodings = 0;
			knownRegions = (
				en,
				Base,
			);
			mainGroup = A8A3886D1E71BA0D00396BAE;
			productRefGroup = A8A388771E71BA0D00396BAE /* Products */;
			projectDirPath = "";
			projectRoot = "";
			targets = (
				A8A388751E71BA0D00396BAE /* TipCalculator */,
				A8A388891E71BA0D00396BAE /* TipCalculatorTests */,
				A8A388941E71BA0D00396BAE /* TipCalculatorUITests */,
			);
		};
/* End PBXProject section */

/* Begin PBXResourcesBuildPhase section */
		A8A388741E71BA0D00396BAE /* Resources */ = {
			isa = PBXResourcesBuildPhase;
			buildActionMask = 2147483647;
			files = (
				A8A388841E71BA0D00396BAE /* LaunchScreen.storyboard in Resources */,
				A8A388811E71BA0D00396BAE /* Assets.xcassets in Resources */,
				A8A3887F1E71BA0D00396BAE /* Main.storyboard in Resources */,
			);
			runOnlyForDeploymentPostprocessing = 0;
		};
		A8A388881E71BA0D00396BAE /* Resources */ = {
			isa = PBXResourcesBuildPhase;
			buildActionMask = 2147483647;
			files = (
			);
			runOnlyForDeploymentPostprocessing = 0;
		};
		A8A388931E71BA0D00396BAE /* Resources */ = {
			isa = PBXResourcesBuildPhase;
			buildActionMask = 2147483647;
			files = (
			);
			runOnlyForDeploymentPostprocessing = 0;
		};
/* End PBXResourcesBuildPhase section */

/* Begin PBXSourcesBuildPhase section */
		A8A388721E71BA0D00396BAE /* Sources */ = {
			isa = PBXSourcesBuildPhase;
			buildActionMask = 2147483647;
			files = (
				A8A3887C1E71BA0D00396BAE /* ViewController.swift in Sources */,
				A8A3887A1E71BA0D00396BAE /* AppDelegate.swift in Sources */,
			);
			runOnlyForDeploymentPostprocessing = 0;
		};
		A8A388861E71BA0D00396BAE /* Sources */ = {
			isa = PBXSourcesBuildPhase;
			buildActionMask = 2147483647;
			files = (
				A8A3888F1E71BA0D00396BAE /* TipCalculatorTests.swift in Sources */,
			);
			runOnlyForDeploymentPostprocessing = 0;
		};
		A8A388911E71BA0D00396BAE /* Sources */ = {
			isa = PBXSourcesBuildPhase;
			buildActionMask = 2147483647;
			files = (
				A8A3889A1E71BA0D00396BAE /* TipCalculatorUITests.swift in Sources */,
			);
			runOnlyForDeploymentPostprocessing = 0;
		};
/* End PBXSourcesBuildPhase section */

/* Begin PBXTargetDependency section */
		A8A3888C1E71BA0D00396BAE /* PBXTargetDependency */ = {
			isa = PBXTargetDependency;
			target = A8A388751E71BA0D00396BAE /* TipCalculator */;
			targetProxy = A8A3888B1E71BA0D00396BAE /* PBXContainerItemProxy */;
		};
		A8A388971E71BA0D00396BAE /* PBXTargetDependency */ = {
			isa = PBXTargetDependency;
			target = A8A388751E71BA0D00396BAE /* TipCalculator */;
			targetProxy = A8A388961E71BA0D00396BAE /* PBXContainerItemProxy */;
		};
/* End PBXTargetDependency section */

/* Begin PBXVariantGroup section */
		A8A3887D1E71BA0D00396BAE /* Main.storyboard */ = {
			isa = PBXVariantGroup;
			children = (
				A8A3887E1E71BA0D00396BAE /* Base */,
			);
			name = Main.storyboard;
			sourceTree = "<group>";
		};
		A8A388821E71BA0D00396BAE /* LaunchScreen.storyboard */ = {
			isa = PBXVariantGroup;
			children = (
				A8A388831E71BA0D00396BAE /* Base */,
			);
			name = LaunchScreen.storyboard;
			sourceTree = "<group>";
		};
/* End PBXVariantGroup section */

/* Begin XCBuildConfiguration section */
		A8A3889C1E71BA0D00396BAE /* Debug */ = {
			isa = XCBuildConfiguration;
			buildSettings = {
				ALWAYS_SEARCH_USER_PATHS = NO;
				CLANG_ANALYZER_NONNULL = YES;
				CLANG_ANALYZER_NUMBER_OBJECT_CONVERSION = YES_AGGRESSIVE;
				CLANG_CXX_LANGUAGE_STANDARD = "gnu++0x";
				CLANG_CXX_LIBRARY = "libc++";
				CLANG_ENABLE_MODULES = YES;
				CLANG_ENABLE_OBJC_ARC = YES;
				CLANG_WARN_BOOL_CONVERSION = YES;
				CLANG_WARN_CONSTANT_CONVERSION = YES;
				CLANG_WARN_DIRECT_OBJC_ISA_USAGE = YES_ERROR;
				CLANG_WARN_DOCUMENTATION_COMMENTS = YES;
				CLANG_WARN_EMPTY_BODY = YES;
				CLANG_WARN_ENUM_CONVERSION = YES;
				CLANG_WARN_INFINITE_RECURSION = YES;
				CLANG_WARN_INT_CONVERSION = YES;
				CLANG_WARN_OBJC_ROOT_CLASS = YES_ERROR;
				CLANG_WARN_SUSPICIOUS_MOVE = YES;
				CLANG_WARN_UNREACHABLE_CODE = YES;
				CLANG_WARN__DUPLICATE_METHOD_MATCH = YES;
				"CODE_SIGN_IDENTITY[sdk=iphoneos*]" = "iPhone Developer";
				COPY_PHASE_STRIP = NO;
				DEBUG_INFORMATION_FORMAT = dwarf;
				ENABLE_STRICT_OBJC_MSGSEND = YES;
				ENABLE_TESTABILITY = YES;
				GCC_C_LANGUAGE_STANDARD = gnu99;
				GCC_DYNAMIC_NO_PIC = NO;
				GCC_NO_COMMON_BLOCKS = YES;
				GCC_OPTIMIZATION_LEVEL = 0;
				GCC_PREPROCESSOR_DEFINITIONS = (
					"DEBUG=1",
					"$(inherited)",
				);
				GCC_WARN_64_TO_32_BIT_CONVERSION = YES;
				GCC_WARN_ABOUT_RETURN_TYPE = YES_ERROR;
				GCC_WARN_UNDECLARED_SELECTOR = YES;
				GCC_WARN_UNINITIALIZED_AUTOS = YES_AGGRESSIVE;
				GCC_WARN_UNUSED_FUNCTION = YES;
				GCC_WARN_UNUSED_VARIABLE = YES;
				IPHONEOS_DEPLOYMENT_TARGET = 10.3;
				MTL_ENABLE_DEBUG_INFO = YES;
				ONLY_ACTIVE_ARCH = YES;
				SDKROOT = iphoneos;
				SWIFT_ACTIVE_COMPILATION_CONDITIONS = DEBUG;
				SWIFT_OPTIMIZATION_LEVEL = "-Onone";
			};
			name = Debug;
		};
		A8A3889D1E71BA0D00396BAE /* Release */ = {
			isa = XCBuildConfiguration;
			buildSettings = {
				ALWAYS_SEARCH_USER_PATHS = NO;
				CLANG_ANALYZER_NONNULL = YES;
				CLANG_ANALYZER_NUMBER_OBJECT_CONVERSION = YES_AGGRESSIVE;
				CLANG_CXX_LANGUAGE_STANDARD = "gnu++0x";
				CLANG_CXX_LIBRARY = "libc++";
				CLANG_ENABLE_MODULES = YES;
				CLANG_ENABLE_OBJC_ARC = YES;
				CLANG_WARN_BOOL_CONVERSION = YES;
				CLANG_WARN_CONSTANT_CONVERSION = YES;
				CLANG_WARN_DIRECT_OBJC_ISA_USAGE = YES_ERROR;
				CLANG_WARN_DOCUMENTATION_COMMENTS = YES;
				CLANG_WARN_EMPTY_BODY = YES;
				CLANG_WARN_ENUM_CONVERSION = YES;
				CLANG_WARN_INFINITE_RECURSION = YES;
				CLANG_WARN_INT_CONVERSION = YES;
				CLANG_WARN_OBJC_ROOT_CLASS = YES_ERROR;
				CLANG_WARN_SUSPICIOUS_MOVE = YES;
				CLANG_WARN_UNREACHABLE_CODE = YES;
				CLANG_WARN__DUPLICATE_METHOD_MATCH = YES;
				"CODE_SIGN_IDENTITY[sdk=iphoneos*]" = "iPhone Developer";
				COPY_PHASE_STRIP = NO;
				DEBUG_INFORMATION_FORMAT = "dwarf-with-dsym";
				ENABLE_NS_ASSERTIONS = NO;
				ENABLE_STRICT_OBJC_MSGSEND = YES;
				GCC_C_LANGUAGE_STANDARD = gnu99;
				GCC_NO_COMMON_BLOCKS = YES;
				GCC_WARN_64_TO_32_BIT_CONVERSION = YES;
				GCC_WARN_ABOUT_RETURN_TYPE = YES_ERROR;
				GCC_WARN_UNDECLARED_SELECTOR = YES;
				GCC_WARN_UNINITIALIZED_AUTOS = YES_AGGRESSIVE;
				GCC_WARN_UNUSED_FUNCTION = YES;
				GCC_WARN_UNUSED_VARIABLE = YES;
				IPHONEOS_DEPLOYMENT_TARGET = 10.3;
				MTL_ENABLE_DEBUG_INFO = NO;
				SDKROOT = iphoneos;
				SWIFT_OPTIMIZATION_LEVEL = "-Owholemodule";
				VALIDATE_PRODUCT = YES;
			};
			name = Release;
		};
		A8A3889F1E71BA0D00396BAE /* Debug */ = {
			isa = XCBuildConfiguration;
			buildSettings = {
				ASSETCATALOG_COMPILER_APPICON_NAME = AppIcon;
				INFOPLIST_FILE = TipCalculator/Info.plist;
				LD_RUNPATH_SEARCH_PATHS = "$(inherited) @executable_path/Frameworks";
				PRODUCT_BUNDLE_IDENTIFIER = khsu.TipCalculator;
				PRODUCT_NAME = "$(TARGET_NAME)";
				SWIFT_VERSION = 3.0;
			};
			name = Debug;
		};
		A8A388A01E71BA0D00396BAE /* Release */ = {
			isa = XCBuildConfiguration;
			buildSettings = {
				ASSETCATALOG_COMPILER_APPICON_NAME = AppIcon;
				INFOPLIST_FILE = TipCalculator/Info.plist;
				LD_RUNPATH_SEARCH_PATHS = "$(inherited) @executable_path/Frameworks";
				PRODUCT_BUNDLE_IDENTIFIER = khsu.TipCalculator;
				PRODUCT_NAME = "$(TARGET_NAME)";
				SWIFT_VERSION = 3.0;
			};
			name = Release;
		};
		A8A388A21E71BA0D00396BAE /* Debug */ = {
			isa = XCBuildConfiguration;
			buildSettings = {
				ALWAYS_EMBED_SWIFT_STANDARD_LIBRARIES = YES;
				BUNDLE_LOADER = "$(TEST_HOST)";
				INFOPLIST_FILE = TipCalculatorTests/Info.plist;
				LD_RUNPATH_SEARCH_PATHS = "$(inherited) @executable_path/Frameworks @loader_path/Frameworks";
				PRODUCT_BUNDLE_IDENTIFIER = khsu.TipCalculatorTests;
				PRODUCT_NAME = "$(TARGET_NAME)";
				SWIFT_VERSION = 3.0;
				TEST_HOST = "$(BUILT_PRODUCTS_DIR)/TipCalculator.app/TipCalculator";
			};
			name = Debug;
		};
		A8A388A31E71BA0D00396BAE /* Release */ = {
			isa = XCBuildConfiguration;
			buildSettings = {
				ALWAYS_EMBED_SWIFT_STANDARD_LIBRARIES = YES;
				BUNDLE_LOADER = "$(TEST_HOST)";
				INFOPLIST_FILE = TipCalculatorTests/Info.plist;
				LD_RUNPATH_SEARCH_PATHS = "$(inherited) @executable_path/Frameworks @loader_path/Frameworks";
				PRODUCT_BUNDLE_IDENTIFIER = khsu.TipCalculatorTests;
				PRODUCT_NAME = "$(TARGET_NAME)";
				SWIFT_VERSION = 3.0;
				TEST_HOST = "$(BUILT_PRODUCTS_DIR)/TipCalculator.app/TipCalculator";
			};
			name = Release;
		};
		A8A388A51E71BA0D00396BAE /* Debug */ = {
			isa = XCBuildConfiguration;
			buildSettings = {
				ALWAYS_EMBED_SWIFT_STANDARD_LIBRARIES = YES;
				INFOPLIST_FILE = TipCalculatorUITests/Info.plist;
				LD_RUNPATH_SEARCH_PATHS = "$(inherited) @executable_path/Frameworks @loader_path/Frameworks";
				PRODUCT_BUNDLE_IDENTIFIER = khsu.TipCalculatorUITests;
				PRODUCT_NAME = "$(TARGET_NAME)";
				SWIFT_VERSION = 3.0;
				TEST_TARGET_NAME = TipCalculator;
			};
			name = Debug;
		};
		A8A388A61E71BA0D00396BAE /* Release */ = {
			isa = XCBuildConfiguration;
			buildSettings = {
				ALWAYS_EMBED_SWIFT_STANDARD_LIBRARIES = YES;
				INFOPLIST_FILE = TipCalculatorUITests/Info.plist;
				LD_RUNPATH_SEARCH_PATHS = "$(inherited) @executable_path/Frameworks @loader_path/Frameworks";
				PRODUCT_BUNDLE_IDENTIFIER = khsu.TipCalculatorUITests;
				PRODUCT_NAME = "$(TARGET_NAME)";
				SWIFT_VERSION = 3.0;
				TEST_TARGET_NAME = TipCalculator;
			};
			name = Release;
		};
/* End XCBuildConfiguration section */

/* Begin XCConfigurationList section */
		A8A388711E71BA0D00396BAE /* Build configuration list for PBXProject "TipCalculator" */ = {
			isa = XCConfigurationList;
			buildConfigurations = (
				A8A3889C1E71BA0D00396BAE /* Debug */,
				A8A3889D1E71BA0D00396BAE /* Release */,
			);
			defaultConfigurationIsVisible = 0;
			defaultConfigurationName = Release;
		};
		A8A3889E1E71BA0D00396BAE /* Build configuration list for PBXNativeTarget "TipCalculator" */ = {
			isa = XCConfigurationList;
			buildConfigurations = (
				A8A3889F1E71BA0D00396BAE /* Debug */,
				A8A388A01E71BA0D00396BAE /* Release */,
			);
			defaultConfigurationIsVisible = 0;
		};
		A8A388A11E71BA0D00396BAE /* Build configuration list for PBXNativeTarget "TipCalculatorTests" */ = {
			isa = XCConfigurationList;
			buildConfigurations = (
				A8A388A21E71BA0D00396BAE /* Debug */,
				A8A388A31E71BA0D00396BAE /* Release */,
			);
			defaultConfigurationIsVisible = 0;
		};
		A8A388A41E71BA0D00396BAE /* Build configuration list for PBXNativeTarget "TipCalculatorUITests" */ = {
			isa = XCConfigurationList;
			buildConfigurations = (
				A8A388A51E71BA0D00396BAE /* Debug */,
				A8A388A61E71BA0D00396BAE /* Release */,
			);
			defaultConfigurationIsVisible = 0;
		};
/* End XCConfigurationList section */
	};
	rootObject = A8A3886E1E71BA0D00396BAE /* Project object */;
}
